
Microsoft Visual Studio Solution File, Format Version 12.00
# Visual Studio Version 17
VisualStudioVersion = 17.11.35327.3
MinimumVisualStudioVersion = 10.0.40219.1
Project("{FAE04EC0-301F-11D3-BF4B-00C04F79EFBC}") = "лаб3.4", "лаб3.4\лаб3.4.csproj", "{9F15ACB5-E385-44A8-A207-C5D168DFC6C7}"
EndProject
Global
	GlobalSection(SolutionConfigurationPlatforms) = preSolution
		Debug|Any CPU = Debug|Any CPU
		Release|Any CPU = Release|Any CPU
	EndGlobalSection
	GlobalSection(ProjectConfigurationPlatforms) = postSolution
		{9F15ACB5-E385-44A8-A207-C5D168DFC6C7}.Debug|Any CPU.ActiveCfg = Debug|Any CPU
		{9F15ACB5-E385-44A8-A207-C5D168DFC6C7}.Debug|Any CPU.Build.0 = Debug|Any CPU
		{9F15ACB5-E385-44A8-A207-C5D168DFC6C7}.Release|Any CPU.ActiveCfg = Release|Any CPU
		{9F15ACB5-E385-44A8-A207-C5D168DFC6C7}.Release|Any CPU.Build.0 = Release|Any CPU
	EndGlobalSection
	GlobalSection(SolutionProperties) = preSolution
		HideSolutionNode = FALSE
	EndGlobalSection
	GlobalSection(ExtensibilityGlobals) = postSolution
		SolutionGuid = {670D5EA1-0AED-40CF-901D-290E1108F820}
	EndGlobalSection
EndGlobal
